
Microsoft Visual Studio Solution File, Format Version 11.00
# Visual Studio 2010
Project("{FAE04EC0-301F-11D3-BF4B-00C04F79EFBC}") = "AstarPathfindingProject", "AstarPathfindingProject.csproj", "{6C7F1A9D-953D-4625-ACF4-469864933397}"
EndProject
Project("{FAE04EC0-301F-11D3-BF4B-00C04F79EFBC}") = "Assembly-CSharp", "Assembly-CSharp.csproj", "{50F446B4-85FF-B055-36E2-E54BEEF60A3B}"
EndProject
Project("{FAE04EC0-301F-11D3-BF4B-00C04F79EFBC}") = "AstarPathfindingProjectEditor", "AstarPathfindingProjectEditor.csproj", "{B2C912B9-525E-3558-F24E-44657D194583}"
EndProject
Project("{FAE04EC0-301F-11D3-BF4B-00C04F79EFBC}") = "PackageToolsEditor", "PackageToolsEditor.csproj", "{3A798525-FC76-CD48-FE82-E26EF7813DAE}"
EndProject
Global
	GlobalSection(SolutionConfigurationPlatforms) = preSolution
		Debug|Any CPU = Debug|Any CPU
		Release|Any CPU = Release|Any CPU
	EndGlobalSection
	GlobalSection(ProjectConfigurationPlatforms) = postSolution
		{6C7F1A9D-953D-4625-ACF4-469864933397}.Debug|Any CPU.ActiveCfg = Debug|Any CPU
		{6C7F1A9D-953D-4625-ACF4-469864933397}.Debug|Any CPU.Build.0 = Debug|Any CPU
		{6C7F1A9D-953D-4625-ACF4-469864933397}.Release|Any CPU.ActiveCfg = Release|Any CPU
		{6C7F1A9D-953D-4625-ACF4-469864933397}.Release|Any CPU.Build.0 = Release|Any CPU
		{50F446B4-85FF-B055-36E2-E54BEEF60A3B}.Debug|Any CPU.ActiveCfg = Debug|Any CPU
		{50F446B4-85FF-B055-36E2-E54BEEF60A3B}.Debug|Any CPU.Build.0 = Debug|Any CPU
		{50F446B4-85FF-B055-36E2-E54BEEF60A3B}.Release|Any CPU.ActiveCfg = Release|Any CPU
		{50F446B4-85FF-B055-36E2-E54BEEF60A3B}.Release|Any CPU.Build.0 = Release|Any CPU
		{B2C912B9-525E-3558-F24E-44657D194583}.Debug|Any CPU.ActiveCfg = Debug|Any CPU
		{B2C912B9-525E-3558-F24E-44657D194583}.Debug|Any CPU.Build.0 = Debug|Any CPU
		{B2C912B9-525E-3558-F24E-44657D194583}.Release|Any CPU.ActiveCfg = Release|Any CPU
		{B2C912B9-525E-3558-F24E-44657D194583}.Release|Any CPU.Build.0 = Release|Any CPU
		{3A798525-FC76-CD48-FE82-E26EF7813DAE}.Debug|Any CPU.ActiveCfg = Debug|Any CPU
		{3A798525-FC76-CD48-FE82-E26EF7813DAE}.Debug|Any CPU.Build.0 = Debug|Any CPU
		{3A798525-FC76-CD48-FE82-E26EF7813DAE}.Release|Any CPU.ActiveCfg = Release|Any CPU
		{3A798525-FC76-CD48-FE82-E26EF7813DAE}.Release|Any CPU.Build.0 = Release|Any CPU
	EndGlobalSection
	GlobalSection(SolutionProperties) = preSolution
		HideSolutionNode = FALSE
	EndGlobalSection
	GlobalSection(MonoDevelopProperties) = preSolution
		StartupItem = Assembly-CSharp.csproj
	EndGlobalSection
EndGlobal
